
Microsoft Visual Studio Solution File, Format Version 12.00
# Visual Studio Version 17
VisualStudioVersion = 17.4.33205.214
MinimumVisualStudioVersion = 10.0.40219.1
Project("{FAE04EC0-301F-11D3-BF4B-00C04F79EFBC}") = "Library2", "Library2\Library2.csproj", "{6D6EFDD6-975D-43CB-8EE7-C78A6AB63C86}"
EndProject
Global
	GlobalSection(SolutionConfigurationPlatforms) = preSolution
		Debug|Any CPU = Debug|Any CPU
		Release|Any CPU = Release|Any CPU
	EndGlobalSection
	GlobalSection(ProjectConfigurationPlatforms) = postSolution
		{6D6EFDD6-975D-43CB-8EE7-C78A6AB63C86}.Debug|Any CPU.ActiveCfg = Debug|Any CPU
		{6D6EFDD6-975D-43CB-8EE7-C78A6AB63C86}.Debug|Any CPU.Build.0 = Debug|Any CPU
		{6D6EFDD6-975D-43CB-8EE7-C78A6AB63C86}.Release|Any CPU.ActiveCfg = Release|Any CPU
		{6D6EFDD6-975D-43CB-8EE7-C78A6AB63C86}.Release|Any CPU.Build.0 = Release|Any CPU
	EndGlobalSection
	GlobalSection(SolutionProperties) = preSolution
		HideSolutionNode = FALSE
	EndGlobalSection
	GlobalSection(ExtensibilityGlobals) = postSolution
		SolutionGuid = {EDFDC28F-3250-4E6E-AA8C-2C8DFD4AFE70}
	EndGlobalSection
EndGlobal
